dependencies:
  idf:
    source:
      type: idf
    version: 6.0.2
  joltwallet/littlefs:
    component_hash: fab83a8a57de01b05441557d78e9d10c755413a1836af4b2762b539add0c14b1
    dependencies:
    - name: idf
      require: private
      version: '>=5.0'
    source:
      registry_url: https://components.espressif.com/
      type: service
    version: 1.22.2
  michmich/esp-idf-wifi-provisioner:
    component_hash: 4097d69b49e4781f951ceb80e2966daebc2dd47794c306059797abf4c9ecf1f1
    dependencies:
    - name: idf
      require: private
      version: '>=5.0.0'
    source:
      registry_url: https://components.espressif.com/
      type: service
    targets:
    - esp32
    - esp32s2
    - esp32s3
    - esp32c3
    - esp32c6
    version: 0.4.0
direct_dependencies:
- idf
- joltwallet/littlefs
- michmich/esp-idf-wifi-provisioner
manifest_hash: dcad5d4da138efbff8587793f04ef81b48e1c81c11ddef4336b70500860c2961
target: esp32s3
version: 3.0.0
